
Microsoft Visual Studio Solution File, Format Version 12.00
# Visual Studio 15
VisualStudioVersion = 15.0.28307.902
MinimumVisualStudioVersion = 10.0.40219.1
Project("{FAE04EC0-301F-11D3-BF4B-00C04F79EFBC}") = "Calculadora", "Calculadora\Calculadora.csproj", "{F36722E5-B88D-4E67-9ED2-903BD2772F50}"
EndProject
Project("{2150E333-8FDC-42A3-9474-1A3956D46DE8}") = "NewFolder1", "NewFolder1", "{0A9C903E-612E-4AD1-BAC8-F49E4F73D649}"
EndProject
Global
	GlobalSection(SolutionConfigurationPlatforms) = preSolution
		Debug|Any CPU = Debug|Any CPU
		Release|Any CPU = Release|Any CPU
	EndGlobalSection
	GlobalSection(ProjectConfigurationPlatforms) = postSolution
		{F36722E5-B88D-4E67-9ED2-903BD2772F50}.Debug|Any CPU.ActiveCfg = Debug|Any CPU
		{F36722E5-B88D-4E67-9ED2-903BD2772F50}.Debug|Any CPU.Build.0 = Debug|Any CPU
		{F36722E5-B88D-4E67-9ED2-903BD2772F50}.Release|Any CPU.ActiveCfg = Release|Any CPU
		{F36722E5-B88D-4E67-9ED2-903BD2772F50}.Release|Any CPU.Build.0 = Release|Any CPU
	EndGlobalSection
	GlobalSection(SolutionProperties) = preSolution
		HideSolutionNode = FALSE
	EndGlobalSection
	GlobalSection(ExtensibilityGlobals) = postSolution
		SolutionGuid = {5BAC058B-BA16-47DD-854E-792B6F7303BB}
	EndGlobalSection
EndGlobal
